// !$*UTF8*$!
{
	archiveVersion = 1;
	classes = {
	};
	objectVersion = 46;
	objects = {

/* Begin PBXBuildFile section */
		00909B201DEABC130083049D /* AppDelegate.swift in Sources */ = {isa = PBXBuildFile; fileRef = 00909B1F1DEABC130083049D /* AppDelegate.swift */; };
		00909B221DEABC130083049D /* ViewController.swift in Sources */ = {isa = PBXBuildFile; fileRef = 00909B211DEABC130083049D /* ViewController.swift */; };
		00909B251DEABC130083049D /* Main.storyboard in Resources */ = {isa = PBXBuildFile; fileRef = 00909B231DEABC130083049D /* Main.storyboard */; };
		00909B271DEABC130083049D /* Assets.xcassets in Resources */ = {isa = PBXBuildFile; fileRef = 00909B261DEABC130083049D /* Assets.xcassets */; };
		00909B2A1DEABC130083049D /* LaunchScreen.storyboard in Resources */ = {isa = PBXBuildFile; fileRef = 00909B281DEABC130083049D /* LaunchScreen.storyboard */; };
		00909B391DEAD2200083049D /* Datos.swift in Sources */ = {isa = PBXBuildFile; fileRef = 00909B381DEAD2200083049D /* Datos.swift */; };
/* End PBXBuildFile section */

/* Begin PBXFileReference section */
		00909B1C1DEABC130083049D /* HamburguesasMundo.app */ = {isa = PBXFileReference; explicitFileType = wrapper.application; includeInIndex = 0; path = HamburguesasMundo.app; sourceTree = BUILT_PRODUCTS_DIR; };
		00909B1F1DEABC130083049D /* AppDelegate.swift */ = {isa = PBXFileReference; lastKnownFileType = sourcecode.swift; path = AppDelegate.swift; sourceTree = "<group>"; };
		00909B211DEABC130083049D /* ViewController.swift */ = {isa = PBXFileReference; lastKnownFileType = sourcecode.swift; path = ViewController.swift; sourceTree = "<group>"; };
		00909B241DEABC130083049D /* Base */ = {isa = PBXFileReference; lastKnownFileType = file.storyboard; name = Base; path = Base.lproj/Main.storyboard; sourceTree = "<group>"; };
		00909B261DEABC130083049D /* Assets.xcassets */ = {isa = PBXFileReference; lastKnownFileType = folder.assetcatalog; path = Assets.xcassets; sourceTree = "<group>"; };
		00909B291DEABC130083049D /* Base */ = {isa = PBXFileReference; lastKnownFileType = file.storyboard; name = Base; path = Base.lproj/LaunchScreen.storyboard; sourceTree = "<group>"; };
		00909B2B1DEABC130083049D /* Info.plist */ = {isa = PBXFileReference; lastKnownFileType = text.plist.xml; path = Info.plist; sourceTree = "<group>"; };
		00909B331DEAC8280083049D /* MyPlayground.playground */ = {isa = PBXFileReference; lastKnownFileType = file.playground; path = MyPlayground.playground; sourceTree = "<group>"; };
		00909B381DEAD2200083049D /* Datos.swift */ = {isa = PBXFileReference; fileEncoding = 4; lastKnownFileType = sourcecode.swift; path = Datos.swift; sourceTree = "<group>"; };
/* End PBXFileReference section */

/* Begin PBXFrameworksBuildPhase section */
		00909B191DEABC120083049D /* Frameworks */ = {
			isa = PBXFrameworksBuildPhase;
			buildActionMask = 2147483647;
			files = (
			);
			runOnlyForDeploymentPostprocessing = 0;
		};
/* End PBXFrameworksBuildPhase section */

/* Begin PBXGroup section */
		00909B131DEABC120083049D = {
			isa = PBXGroup;
			children = (
				00909B1E1DEABC130083049D /* HamburguesasMundo */,
				00909B1D1DEABC130083049D /* Products */,
			);
			sourceTree = "<group>";
		};
		00909B1D1DEABC130083049D /* Products */ = {
			isa = PBXGroup;
			children = (
				00909B1C1DEABC130083049D /* HamburguesasMundo.app */,
			);
			name = Products;
			sourceTree = "<group>";
		};
		00909B1E1DEABC130083049D /* HamburguesasMundo */ = {
			isa = PBXGroup;
			children = (
				00909B321DEAC7C60083049D /* playgrounds */,
				00909B1F1DEABC130083049D /* AppDelegate.swift */,
				00909B211DEABC130083049D /* ViewController.swift */,
				00909B231DEABC130083049D /* Main.storyboard */,
				00909B261DEABC130083049D /* Assets.xcassets */,
				00909B281DEABC130083049D /* LaunchScreen.storyboard */,
				00909B2B1DEABC130083049D /* Info.plist */,
				00909B381DEAD2200083049D /* Datos.swift */,
			);
			path = HamburguesasMundo;
			sourceTree = "<group>";
		};
		00909B321DEAC7C60083049D /* playgrounds */ = {
			isa = PBXGroup;
			children = (
				00909B331DEAC8280083049D /* MyPlayground.playground */,
			);
			name = playgrounds;
			sourceTree = "<group>";
		};
/* End PBXGroup section */

/* Begin PBXNativeTarget section */
		00909B1B1DEABC120083049D /* HamburguesasMundo */ = {
			isa = PBXNativeTarget;
			buildConfigurationList = 00909B2E1DEABC130083049D /* Build configuration list for PBXNativeTarget "HamburguesasMundo" */;
			buildPhases = (
				00909B181DEABC120083049D /* Sources */,
				00909B191DEABC120083049D /* Frameworks */,
				00909B1A1DEABC120083049D /* Resources */,
			);
			buildRules = (
			);
			dependencies = (
			);
			name = HamburguesasMundo;
			productName = HamburguesasMundo;
			productReference = 00909B1C1DEABC130083049D /* HamburguesasMundo.app */;
			productType = "com.apple.product-type.application";
		};
/* End PBXNativeTarget section */

/* Begin PBXProject section */
		00909B141DEABC120083049D /* Project object */ = {
			isa = PBXProject;
			attributes = {
				LastSwiftUpdateCheck = 0820;
				LastUpgradeCheck = 0820;
				ORGANIZATIONNAME = MSR;
				TargetAttributes = {
					00909B1B1DEABC120083049D = {
						CreatedOnToolsVersion = 8.2;
						ProvisioningStyle = Automatic;
					};
				};
			};
			buildConfigurationList = 00909B171DEABC120083049D /* Build configuration list for PBXProject "HamburguesasMundo" */;
			compatibilityVersion = "Xcode 3.2";
			developmentRegion = English;
			hasScannedForEncodings = 0;
			knownRegions = (
				en,
				Base,
			);
			mainGroup = 00909B131DEABC120083049D;
			productRefGroup = 00909B1D1DEABC130083049D /* Products */;
			projectDirPath = "";
			projectRoot = "";
			targets = (
				00909B1B1DEABC120083049D /* HamburguesasMundo */,
			);
		};
/* End PBXProject section */

/* Begin PBXResourcesBuildPhase section */
		00909B1A1DEABC120083049D /* Resources */ = {
			isa = PBXResourcesBuildPhase;
			buildActionMask = 2147483647;
			files = (
				00909B2A1DEABC130083049D /* LaunchScreen.storyboard in Resources */,
				00909B271DEABC130083049D /* Assets.xcassets in Resources */,
				00909B251DEABC130083049D /* Main.storyboard in Resources */,
			);
			runOnlyForDeploymentPostprocessing = 0;
		};
/* End PBXResourcesBuildPhase section */

/* Begin PBXSourcesBuildPhase section */
		00909B181DEABC120083049D /* Sources */ = {
			isa = PBXSourcesBuildPhase;
			buildActionMask = 2147483647;
			files = (
				00909B391DEAD2200083049D /* Datos.swift in Sources */,
				00909B221DEABC130083049D /* ViewController.swift in Sources */,
				00909B201DEABC130083049D /* AppDelegate.swift in Sources */,
			);
			runOnlyForDeploymentPostprocessing = 0;
		};
/* End PBXSourcesBuildPhase section */

/* Begin PBXVariantGroup section */
		00909B231DEABC130083049D /* Main.storyboard */ = {
			isa = PBXVariantGroup;
			children = (
				00909B241DEABC130083049D /* Base */,
			);
			name = Main.storyboard;
			sourceTree = "<group>";
		};
		00909B281DEABC130083049D /* LaunchScreen.storyboard */ = {
			isa = PBXVariantGroup;
			children = (
				00909B291DEABC130083049D /* Base */,
			);
			name = LaunchScreen.storyboard;
			sourceTree = "<group>";
		};
/* End PBXVariantGroup section */

/* Begin XCBuildConfiguration section */
		00909B2C1DEABC130083049D /* Debug */ = {
			isa = XCBuildConfiguration;
			buildSettings = {
				ALWAYS_SEARCH_USER_PATHS = NO;
				CLANG_ANALYZER_NONNULL = YES;
				CLANG_CXX_LANGUAGE_STANDARD = "gnu++0x";
				CLANG_CXX_LIBRARY = "libc++";
				CLANG_ENABLE_MODULES = YES;
				CLANG_ENABLE_OBJC_ARC = YES;
				CLANG_WARN_BOOL_CONVERSION = YES;
				CLANG_WARN_CONSTANT_CONVERSION = YES;
				CLANG_WARN_DIRECT_OBJC_ISA_USAGE = YES_ERROR;
				CLANG_WARN_DOCUMENTATION_COMMENTS = YES;
				CLANG_WARN_EMPTY_BODY = YES;
				CLANG_WARN_ENUM_CONVERSION = YES;
				CLANG_WARN_INFINITE_RECURSION = YES;
				CLANG_WARN_INT_CONVERSION = YES;
				CLANG_WARN_OBJC_ROOT_CLASS = YES_ERROR;
				CLANG_WARN_SUSPICIOUS_MOVE = YES;
				CLANG_WARN_UNREACHABLE_CODE = YES;
				CLANG_WARN__DUPLICATE_METHOD_MATCH = YES;
				"CODE_SIGN_IDENTITY[sdk=iphoneos*]" = "iPhone Developer";
				COPY_PHASE_STRIP = NO;
				DEBUG_INFORMATION_FORMAT = dwarf;
				ENABLE_STRICT_OBJC_MSGSEND = YES;
				ENABLE_TESTABILITY = YES;
				GCC_C_LANGUAGE_STANDARD = gnu99;
				GCC_DYNAMIC_NO_PIC = NO;
				GCC_NO_COMMON_BLOCKS = YES;
				GCC_OPTIMIZATION_LEVEL = 0;
				GCC_PREPROCESSOR_DEFINITIONS = (
					"DEBUG=1",
					"$(inherited)",
				);
				GCC_WARN_64_TO_32_BIT_CONVERSION = YES;
				GCC_WARN_ABOUT_RETURN_TYPE = YES_ERROR;
				GCC_WARN_UNDECLARED_SELECTOR = YES;
				GCC_WARN_UNINITIALIZED_AUTOS = YES_AGGRESSIVE;
				GCC_WARN_UNUSED_FUNCTION = YES;
				GCC_WARN_UNUSED_VARIABLE = YES;
				IPHONEOS_DEPLOYMENT_TARGET = 10.2;
				MTL_ENABLE_DEBUG_INFO = YES;
				ONLY_ACTIVE_ARCH = YES;
				SDKROOT = iphoneos;
				SWIFT_ACTIVE_COMPILATION_CONDITIONS = DEBUG;
				SWIFT_OPTIMIZATION_LEVEL = "-Onone";
			};
			name = Debug;
		};
		00909B2D1DEABC130083049D /* Release */ = {
			isa = XCBuildConfiguration;
			buildSettings = {
				ALWAYS_SEARCH_USER_PATHS = NO;
				CLANG_ANALYZER_NONNULL = YES;
				CLANG_CXX_LANGUAGE_STANDARD = "gnu++0x";
				CLANG_CXX_LIBRARY = "libc++";
				CLANG_ENABLE_MODULES = YES;
				CLANG_ENABLE_OBJC_ARC = YES;
				CLANG_WARN_BOOL_CONVERSION = YES;
				CLANG_WARN_CONSTANT_CONVERSION = YES;
				CLANG_WARN_DIRECT_OBJC_ISA_USAGE = YES_ERROR;
				CLANG_WARN_DOCUMENTATION_COMMENTS = YES;
				CLANG_WARN_EMPTY_BODY = YES;
				CLANG_WARN_ENUM_CONVERSION = YES;
				CLANG_WARN_INFINITE_RECURSION = YES;
				CLANG_WARN_INT_CONVERSION = YES;
				CLANG_WARN_OBJC_ROOT_CLASS = YES_ERROR;
				CLANG_WARN_SUSPICIOUS_MOVE = YES;
				CLANG_WARN_UNREACHABLE_CODE = YES;
				CLANG_WARN__DUPLICATE_METHOD_MATCH = YES;
				"CODE_SIGN_IDENTITY[sdk=iphoneos*]" = "iPhone Developer";
				COPY_PHASE_STRIP = NO;
				DEBUG_INFORMATION_FORMAT = "dwarf-with-dsym";
				ENABLE_NS_ASSERTIONS = NO;
				ENABLE_STRICT_OBJC_MSGSEND = YES;
				GCC_C_LANGUAGE_STANDARD = gnu99;
				GCC_NO_COMMON_BLOCKS = YES;
				GCC_WARN_64_TO_32_BIT_CONVERSION = YES;
				GCC_WARN_ABOUT_RETURN_TYPE = YES_ERROR;
				GCC_WARN_UNDECLARED_SELECTOR = YES;
				GCC_WARN_UNINITIALIZED_AUTOS = YES_AGGRESSIVE;
				GCC_WARN_UNUSED_FUNCTION = YES;
				GCC_WARN_UNUSED_VARIABLE = YES;
				IPHONEOS_DEPLOYMENT_TARGET = 10.2;
				MTL_ENABLE_DEBUG_INFO = NO;
				SDKROOT = iphoneos;
				SWIFT_OPTIMIZATION_LEVEL = "-Owholemodule";
				VALIDATE_PRODUCT = YES;
			};
			name = Release;
		};
		00909B2F1DEABC130083049D /* Debug */ = {
			isa = XCBuildConfiguration;
			buildSettings = {
				ASSETCATALOG_COMPILER_APPICON_NAME = AppIcon;
				INFOPLIST_FILE = HamburguesasMundo/Info.plist;
				LD_RUNPATH_SEARCH_PATHS = "$(inherited) @executable_path/Frameworks";
				PRODUCT_BUNDLE_IDENTIFIER = mx.msr.HamburguesasMundo;
				PRODUCT_NAME = "$(TARGET_NAME)";
				SWIFT_VERSION = 3.0;
			};
			name = Debug;
		};
		00909B301DEABC130083049D /* Release */ = {
			isa = XCBuildConfiguration;
			buildSettings = {
				ASSETCATALOG_COMPILER_APPICON_NAME = AppIcon;
				INFOPLIST_FILE = HamburguesasMundo/Info.plist;
				LD_RUNPATH_SEARCH_PATHS = "$(inherited) @executable_path/Frameworks";
				PRODUCT_BUNDLE_IDENTIFIER = mx.msr.HamburguesasMundo;
				PRODUCT_NAME = "$(TARGET_NAME)";
				SWIFT_VERSION = 3.0;
			};
			name = Release;
		};
/* End XCBuildConfiguration section */

/* Begin XCConfigurationList section */
		00909B171DEABC120083049D /* Build configuration list for PBXProject "HamburguesasMundo" */ = {
			isa = XCConfigurationList;
			buildConfigurations = (
				00909B2C1DEABC130083049D /* Debug */,
				00909B2D1DEABC130083049D /* Release */,
			);
			defaultConfigurationIsVisible = 0;
			defaultConfigurationName = Release;
		};
		00909B2E1DEABC130083049D /* Build configuration list for PBXNativeTarget "HamburguesasMundo" */ = {
			isa = XCConfigurationList;
			buildConfigurations = (
				00909B2F1DEABC130083049D /* Debug */,
				00909B301DEABC130083049D /* Release */,
			);
			defaultConfigurationIsVisible = 0;
		};
/* End XCConfigurationList section */
	};
	rootObject = 00909B141DEABC120083049D /* Project object */;
}
